{
  "version": "3",
  "packages": {
    "specifiers": {
      "npm:@types/js-cookie@3.0.6": "npm:@types/js-cookie@3.0.6",
      "npm:js-cookie@^3.0.5": "npm:js-cookie@3.0.5",
      "npm:preact@^10.22.0": "npm:preact@10.22.0"
    },
    "npm": {
      "@types/js-cookie@3.0.6": {
        "integrity": "sha512-wkw9yd1kEXOPnvEeEV1Go1MmxtBJL0RR79aOTAApecWFVu7w0NNXNqhcWgvw2YgZDYadliXkl14pa3WXw5jlCQ==",
        "dependencies": {}
      },
      "js-cookie@3.0.5": {
        "integrity": "sha512-cEiJEAEoIbWfCZYKWhVwFuvPX1gETRYPw6LlaTKoxD3s2AkXzkCjnp6h0V77ozyqj0jakteJ4YqDJT830+lVGw==",
        "dependencies": {}
      },
      "preact@10.22.0": {
        "integrity": "sha512-RRurnSjJPj4rp5K6XoP45Ui33ncb7e4H7WiOHVpjbkvqvA3U+N8Z6Qbo0AE6leGYBV66n8EhEaFixvIu3SkxFw==",
        "dependencies": {}
      }
    }
  },
  "remote": {},
  "workspace": {
    "dependencies": [
      "npm:js-cookie@^3.0.5",
      "npm:preact@^10.22.0"
    ]
  }
}
